
Microsoft Visual Studio Solution File, Format Version 12.00
# Visual Studio Version 16
VisualStudioVersion = 16.0.31515.178
MinimumVisualStudioVersion = 10.0.40219.1
Project("{FAE04EC0-301F-11D3-BF4B-00C04F79EFBC}") = "HelloWorld", "HelloWorld\HelloWorld.csproj", "{9843B66F-1595-4CA2-A87B-510DE299C04C}"
EndProject
Global
	GlobalSection(SolutionConfigurationPlatforms) = preSolution
		Debug|Any CPU = Debug|Any CPU
		Release|Any CPU = Release|Any CPU
	EndGlobalSection
	GlobalSection(ProjectConfigurationPlatforms) = postSolution
		{9843B66F-1595-4CA2-A87B-510DE299C04C}.Debug|Any CPU.ActiveCfg = Debug|Any CPU
		{9843B66F-1595-4CA2-A87B-510DE299C04C}.Debug|Any CPU.Build.0 = Debug|Any CPU
		{9843B66F-1595-4CA2-A87B-510DE299C04C}.Release|Any CPU.ActiveCfg = Release|Any CPU
		{9843B66F-1595-4CA2-A87B-510DE299C04C}.Release|Any CPU.Build.0 = Release|Any CPU
	EndGlobalSection
	GlobalSection(SolutionProperties) = preSolution
		HideSolutionNode = FALSE
	EndGlobalSection
	GlobalSection(ExtensibilityGlobals) = postSolution
		SolutionGuid = {2E405471-331A-4BC3-98F2-FB514F709AC1}
	EndGlobalSection
EndGlobal
