
Microsoft Visual Studio Solution File, Format Version 12.00
# Visual Studio Version 16
VisualStudioVersion = 16.0.31515.178
MinimumVisualStudioVersion = 10.0.40219.1
Project("{F2A71F9B-5D33-465A-A702-920D77279786}") = "HelloWorld", "HelloWorld\HelloWorld.fsproj", "{390FE999-8C63-468A-AAD6-BCAEE40AC9E2}"
EndProject
Global
	GlobalSection(SolutionConfigurationPlatforms) = preSolution
		Debug|Any CPU = Debug|Any CPU
		Release|Any CPU = Release|Any CPU
	EndGlobalSection
	GlobalSection(ProjectConfigurationPlatforms) = postSolution
		{390FE999-8C63-468A-AAD6-BCAEE40AC9E2}.Debug|Any CPU.ActiveCfg = Debug|Any CPU
		{390FE999-8C63-468A-AAD6-BCAEE40AC9E2}.Debug|Any CPU.Build.0 = Debug|Any CPU
		{390FE999-8C63-468A-AAD6-BCAEE40AC9E2}.Release|Any CPU.ActiveCfg = Release|Any CPU
		{390FE999-8C63-468A-AAD6-BCAEE40AC9E2}.Release|Any CPU.Build.0 = Release|Any CPU
	EndGlobalSection
	GlobalSection(SolutionProperties) = preSolution
		HideSolutionNode = FALSE
	EndGlobalSection
	GlobalSection(ExtensibilityGlobals) = postSolution
		SolutionGuid = {46DCD37D-9F32-4136-A10B-7B13DB4E5BE3}
	EndGlobalSection
EndGlobal
